// !$*UTF8*$!
{
	archiveVersion = 1;
	classes = {
	};
	objectVersion = 55;
	objects = {

/* Begin PBXBuildFile section */
		A90A310B2795FAF000E38243 /* ElementInspector in Frameworks */ = {isa = PBXBuildFile; productRef = A90A310A2795FAF000E38243 /* ElementInspector */; };
		A93D106227960B8800CBA3A1 /* PlatformHelpers in Frameworks */ = {isa = PBXBuildFile; productRef = A93D106127960B8800CBA3A1 /* PlatformHelpers */; };
		A93DA6942795E1060071BFD5 /* AppDelegate.swift in Sources */ = {isa = PBXBuildFile; fileRef = A93DA6932795E1060071BFD5 /* AppDelegate.swift */; };
		A93DA6972795E2410071BFD5 /* SceneDelegate.swift in Sources */ = {isa = PBXBuildFile; fileRef = A93DA6962795E2410071BFD5 /* SceneDelegate.swift */; };
		A93DA69A2795F27A0071BFD5 /* Introspect in Frameworks */ = {isa = PBXBuildFile; productRef = A93DA6992795F27A0071BFD5 /* Introspect */; };
		A97F9A8B2794767500A46987 /* Tests_iOS.swift in Sources */ = {isa = PBXBuildFile; fileRef = A97F9A8A2794767500A46987 /* Tests_iOS.swift */; };
		A97F9A8D2794767500A46987 /* Tests_iOSLaunchTests.swift in Sources */ = {isa = PBXBuildFile; fileRef = A97F9A8C2794767500A46987 /* Tests_iOSLaunchTests.swift */; };
		A97F9A9E2794767500A46987 /* Assets.xcassets in Resources */ = {isa = PBXBuildFile; fileRef = A97F9A742794767400A46987 /* Assets.xcassets */; };
		A97F9AB127948A7400A46987 /* Application.swift in Sources */ = {isa = PBXBuildFile; fileRef = A97F9AB027948A7400A46987 /* Application.swift */; };
		A97F9AB427948A8700A46987 /* PeriodumCore in Frameworks */ = {isa = PBXBuildFile; productRef = A97F9AB327948A8700A46987 /* PeriodumCore */; };
		A97F9AB627948AB800A46987 /* ApplicationConfig.swift in Sources */ = {isa = PBXBuildFile; fileRef = A97F9AB527948AB800A46987 /* ApplicationConfig.swift */; };
		A97F9ABB27948B3300A46987 /* PeriodicTableViewModel.swift in Sources */ = {isa = PBXBuildFile; fileRef = A97F9ABA27948B3300A46987 /* PeriodicTableViewModel.swift */; };
		A97F9ABD27948CE800A46987 /* PeriodicTableView.swift in Sources */ = {isa = PBXBuildFile; fileRef = A97F9ABC27948CE800A46987 /* PeriodicTableView.swift */; };
		A9CBC9EE2794F67600878DFD /* MainView.swift in Sources */ = {isa = PBXBuildFile; fileRef = A9CBC9ED2794F67600878DFD /* MainView.swift */; };
		A9CBC9F12794FB0F00878DFD /* ElementInspector.swift in Sources */ = {isa = PBXBuildFile; fileRef = A9CBC9F02794FB0F00878DFD /* ElementInspector.swift */; };
		A9CBC9F62795043900878DFD /* Store.swift in Sources */ = {isa = PBXBuildFile; fileRef = A9CBC9F52795043900878DFD /* Store.swift */; };
		A9CBC9FA27950D4400878DFD /* ElementInspectorRow.swift in Sources */ = {isa = PBXBuildFile; fileRef = A9CBC9F927950D4400878DFD /* ElementInspectorRow.swift */; };
		A9D325FD2794BFE300EB493F /* IndexedElements.swift in Sources */ = {isa = PBXBuildFile; fileRef = A9D325FC2794BFE300EB493F /* IndexedElements.swift */; };
		A9D326002794C3A700EB493F /* PeriodicTableGridView.swift in Sources */ = {isa = PBXBuildFile; fileRef = A9D325FF2794C3A700EB493F /* PeriodicTableGridView.swift */; };
/* End PBXBuildFile section */

/* Begin PBXContainerItemProxy section */
		A97F9A872794767500A46987 /* PBXContainerItemProxy */ = {
			isa = PBXContainerItemProxy;
			containerPortal = A97F9A6D2794767400A46987 /* Project object */;
			proxyType = 1;
			remoteGlobalIDString = A97F9A782794767400A46987;
			remoteInfo = "Periodum (iOS)";
		};
/* End PBXContainerItemProxy section */

/* Begin PBXFileReference section */
		A93D106027960AF200CBA3A1 /* PlatformHelpers */ = {isa = PBXFileReference; lastKnownFileType = wrapper; name = PlatformHelpers; path = ../PlatformHelpers; sourceTree = "<group>"; };
		A93DA6932795E1060071BFD5 /* AppDelegate.swift */ = {isa = PBXFileReference; lastKnownFileType = sourcecode.swift; path = AppDelegate.swift; sourceTree = "<group>"; };
		A93DA6952795E1A20071BFD5 /* Periodum--iOS--Info.plist */ = {isa = PBXFileReference; lastKnownFileType = text.plist; path = "Periodum--iOS--Info.plist"; sourceTree = "<group>"; };
		A93DA6962795E2410071BFD5 /* SceneDelegate.swift */ = {isa = PBXFileReference; lastKnownFileType = sourcecode.swift; path = SceneDelegate.swift; sourceTree = "<group>"; };
		A93DA6982795EF970071BFD5 /* PeriodumFeatures */ = {isa = PBXFileReference; lastKnownFileType = wrapper; path = PeriodumFeatures; sourceTree = "<group>"; };
		A97F9A742794767400A46987 /* Assets.xcassets */ = {isa = PBXFileReference; lastKnownFileType = folder.assetcatalog; path = Assets.xcassets; sourceTree = "<group>"; };
		A97F9A792794767400A46987 /* Periodum.app */ = {isa = PBXFileReference; explicitFileType = wrapper.application; includeInIndex = 0; path = Periodum.app; sourceTree = BUILT_PRODUCTS_DIR; };
		A97F9A862794767500A46987 /* Tests iOS.xctest */ = {isa = PBXFileReference; explicitFileType = wrapper.cfbundle; includeInIndex = 0; path = "Tests iOS.xctest"; sourceTree = BUILT_PRODUCTS_DIR; };
		A97F9A8A2794767500A46987 /* Tests_iOS.swift */ = {isa = PBXFileReference; lastKnownFileType = sourcecode.swift; path = Tests_iOS.swift; sourceTree = "<group>"; };
		A97F9A8C2794767500A46987 /* Tests_iOSLaunchTests.swift */ = {isa = PBXFileReference; lastKnownFileType = sourcecode.swift; path = Tests_iOSLaunchTests.swift; sourceTree = "<group>"; };
		A97F9AAE279476B700A46987 /* Periodum (iOS).entitlements */ = {isa = PBXFileReference; lastKnownFileType = text.plist.entitlements; path = "Periodum (iOS).entitlements"; sourceTree = "<group>"; };
		A97F9AAF279476FE00A46987 /* PeriodumCore */ = {isa = PBXFileReference; lastKnownFileType = wrapper; name = PeriodumCore; path = ../PeriodumCore; sourceTree = "<group>"; };
		A97F9AB027948A7400A46987 /* Application.swift */ = {isa = PBXFileReference; lastKnownFileType = sourcecode.swift; path = Application.swift; sourceTree = "<group>"; };
		A97F9AB527948AB800A46987 /* ApplicationConfig.swift */ = {isa = PBXFileReference; lastKnownFileType = sourcecode.swift; path = ApplicationConfig.swift; sourceTree = "<group>"; };
		A97F9ABA27948B3300A46987 /* PeriodicTableViewModel.swift */ = {isa = PBXFileReference; lastKnownFileType = sourcecode.swift; path = PeriodicTableViewModel.swift; sourceTree = "<group>"; };
		A97F9ABC27948CE800A46987 /* PeriodicTableView.swift */ = {isa = PBXFileReference; lastKnownFileType = sourcecode.swift; path = PeriodicTableView.swift; sourceTree = "<group>"; };
		A9CBC9ED2794F67600878DFD /* MainView.swift */ = {isa = PBXFileReference; lastKnownFileType = sourcecode.swift; path = MainView.swift; sourceTree = "<group>"; };
		A9CBC9F02794FB0F00878DFD /* ElementInspector.swift */ = {isa = PBXFileReference; lastKnownFileType = sourcecode.swift; path = ElementInspector.swift; sourceTree = "<group>"; };
		A9CBC9F52795043900878DFD /* Store.swift */ = {isa = PBXFileReference; lastKnownFileType = sourcecode.swift; path = Store.swift; sourceTree = "<group>"; };
		A9CBC9F927950D4400878DFD /* ElementInspectorRow.swift */ = {isa = PBXFileReference; lastKnownFileType = sourcecode.swift; path = ElementInspectorRow.swift; sourceTree = "<group>"; };
		A9D325FC2794BFE300EB493F /* IndexedElements.swift */ = {isa = PBXFileReference; lastKnownFileType = sourcecode.swift; path = IndexedElements.swift; sourceTree = "<group>"; };
		A9D325FF2794C3A700EB493F /* PeriodicTableGridView.swift */ = {isa = PBXFileReference; lastKnownFileType = sourcecode.swift; path = PeriodicTableGridView.swift; sourceTree = "<group>"; };
/* End PBXFileReference section */

/* Begin PBXFrameworksBuildPhase section */
		A97F9A762794767400A46987 /* Frameworks */ = {
			isa = PBXFrameworksBuildPhase;
			buildActionMask = 2147483647;
			files = (
				A90A310B2795FAF000E38243 /* ElementInspector in Frameworks */,
				A97F9AB427948A8700A46987 /* PeriodumCore in Frameworks */,
				A93DA69A2795F27A0071BFD5 /* Introspect in Frameworks */,
				A93D106227960B8800CBA3A1 /* PlatformHelpers in Frameworks */,
			);
			runOnlyForDeploymentPostprocessing = 0;
		};
		A97F9A832794767500A46987 /* Frameworks */ = {
			isa = PBXFrameworksBuildPhase;
			buildActionMask = 2147483647;
			files = (
			);
			runOnlyForDeploymentPostprocessing = 0;
		};
/* End PBXFrameworksBuildPhase section */

/* Begin PBXGroup section */
		A97F9A6C2794767400A46987 = {
			isa = PBXGroup;
			children = (
				A93D106027960AF200CBA3A1 /* PlatformHelpers */,
				A97F9AAF279476FE00A46987 /* PeriodumCore */,
				A93DA6982795EF970071BFD5 /* PeriodumFeatures */,
				A93DA6952795E1A20071BFD5 /* Periodum--iOS--Info.plist */,
				A97F9AAE279476B700A46987 /* Periodum (iOS).entitlements */,
				A97F9A712794767400A46987 /* Shared */,
				A97F9A892794767500A46987 /* Tests iOS */,
				A97F9A7A2794767400A46987 /* Products */,
				A97F9AB227948A8700A46987 /* Frameworks */,
			);
			sourceTree = "<group>";
		};
		A97F9A712794767400A46987 /* Shared */ = {
			isa = PBXGroup;
			children = (
				A9D325FB2794BFD200EB493F /* Models */,
				A97F9ABE27948D1100A46987 /* Components */,
				A97F9AB827948B2100A46987 /* Features */,
				A97F9A742794767400A46987 /* Assets.xcassets */,
				A97F9AB027948A7400A46987 /* Application.swift */,
				A97F9AB527948AB800A46987 /* ApplicationConfig.swift */,
				A9CBC9F52795043900878DFD /* Store.swift */,
				A93DA6932795E1060071BFD5 /* AppDelegate.swift */,
				A93DA6962795E2410071BFD5 /* SceneDelegate.swift */,
			);
			path = Shared;
			sourceTree = "<group>";
		};
		A97F9A7A2794767400A46987 /* Products */ = {
			isa = PBXGroup;
			children = (
				A97F9A792794767400A46987 /* Periodum.app */,
				A97F9A862794767500A46987 /* Tests iOS.xctest */,
			);
			name = Products;
			sourceTree = "<group>";
		};
		A97F9A892794767500A46987 /* Tests iOS */ = {
			isa = PBXGroup;
			children = (
				A97F9A8A2794767500A46987 /* Tests_iOS.swift */,
				A97F9A8C2794767500A46987 /* Tests_iOSLaunchTests.swift */,
			);
			path = "Tests iOS";
			sourceTree = "<group>";
		};
		A97F9AB227948A8700A46987 /* Frameworks */ = {
			isa = PBXGroup;
			children = (
			);
			name = Frameworks;
			sourceTree = "<group>";
		};
		A97F9AB827948B2100A46987 /* Features */ = {
			isa = PBXGroup;
			children = (
				A9CBC9EF2794FB0200878DFD /* ElementInspector */,
				A97F9AB927948B2600A46987 /* PeriodicTable */,
				A9CBC9ED2794F67600878DFD /* MainView.swift */,
			);
			path = Features;
			sourceTree = "<group>";
		};
		A97F9AB927948B2600A46987 /* PeriodicTable */ = {
			isa = PBXGroup;
			children = (
				A97F9ABA27948B3300A46987 /* PeriodicTableViewModel.swift */,
				A97F9ABC27948CE800A46987 /* PeriodicTableView.swift */,
				A9D325FF2794C3A700EB493F /* PeriodicTableGridView.swift */,
			);
			path = PeriodicTable;
			sourceTree = "<group>";
		};
		A97F9ABE27948D1100A46987 /* Components */ = {
			isa = PBXGroup;
			children = (
			);
			path = Components;
			sourceTree = "<group>";
		};
		A9CBC9EF2794FB0200878DFD /* ElementInspector */ = {
			isa = PBXGroup;
			children = (
				A9CBC9F02794FB0F00878DFD /* ElementInspector.swift */,
				A9CBC9F927950D4400878DFD /* ElementInspectorRow.swift */,
			);
			path = ElementInspector;
			sourceTree = "<group>";
		};
		A9D325FB2794BFD200EB493F /* Models */ = {
			isa = PBXGroup;
			children = (
				A9D325FC2794BFE300EB493F /* IndexedElements.swift */,
			);
			path = Models;
			sourceTree = "<group>";
		};
/* End PBXGroup section */

/* Begin PBXNativeTarget section */
		A97F9A782794767400A46987 /* Periodum (iOS) */ = {
			isa = PBXNativeTarget;
			buildConfigurationList = A97F9AA22794767500A46987 /* Build configuration list for PBXNativeTarget "Periodum (iOS)" */;
			buildPhases = (
				A97F9A752794767400A46987 /* Sources */,
				A97F9A762794767400A46987 /* Frameworks */,
				A97F9A772794767400A46987 /* Resources */,
			);
			buildRules = (
			);
			dependencies = (
			);
			name = "Periodum (iOS)";
			packageProductDependencies = (
				A97F9AB327948A8700A46987 /* PeriodumCore */,
				A93DA6992795F27A0071BFD5 /* Introspect */,
				A90A310A2795FAF000E38243 /* ElementInspector */,
				A93D106127960B8800CBA3A1 /* PlatformHelpers */,
			);
			productName = "Periodum (iOS)";
			productReference = A97F9A792794767400A46987 /* Periodum.app */;
			productType = "com.apple.product-type.application";
		};
		A97F9A852794767500A46987 /* Tests iOS */ = {
			isa = PBXNativeTarget;
			buildConfigurationList = A97F9AA82794767500A46987 /* Build configuration list for PBXNativeTarget "Tests iOS" */;
			buildPhases = (
				A97F9A822794767500A46987 /* Sources */,
				A97F9A832794767500A46987 /* Frameworks */,
				A97F9A842794767500A46987 /* Resources */,
			);
			buildRules = (
			);
			dependencies = (
				A97F9A882794767500A46987 /* PBXTargetDependency */,
			);
			name = "Tests iOS";
			productName = "Tests iOS";
			productReference = A97F9A862794767500A46987 /* Tests iOS.xctest */;
			productType = "com.apple.product-type.bundle.ui-testing";
		};
/* End PBXNativeTarget section */

/* Begin PBXProject section */
		A97F9A6D2794767400A46987 /* Project object */ = {
			isa = PBXProject;
			attributes = {
				BuildIndependentTargetsInParallel = 1;
				LastSwiftUpdateCheck = 1320;
				LastUpgradeCheck = 1320;
				TargetAttributes = {
					A97F9A782794767400A46987 = {
						CreatedOnToolsVersion = 13.2.1;
					};
					A97F9A852794767500A46987 = {
						CreatedOnToolsVersion = 13.2.1;
						TestTargetID = A97F9A782794767400A46987;
					};
				};
			};
			buildConfigurationList = A97F9A702794767400A46987 /* Build configuration list for PBXProject "Periodum" */;
			compatibilityVersion = "Xcode 13.0";
			developmentRegion = en;
			hasScannedForEncodings = 0;
			knownRegions = (
				en,
				Base,
			);
			mainGroup = A97F9A6C2794767400A46987;
			packageReferences = (
				A9B3073A2795175300A981A4 /* XCRemoteSwiftPackageReference "SwiftUI-Introspect" */,
			);
			productRefGroup = A97F9A7A2794767400A46987 /* Products */;
			projectDirPath = "";
			projectRoot = "";
			targets = (
				A97F9A782794767400A46987 /* Periodum (iOS) */,
				A97F9A852794767500A46987 /* Tests iOS */,
			);
		};
/* End PBXProject section */

/* Begin PBXResourcesBuildPhase section */
		A97F9A772794767400A46987 /* Resources */ = {
			isa = PBXResourcesBuildPhase;
			buildActionMask = 2147483647;
			files = (
				A97F9A9E2794767500A46987 /* Assets.xcassets in Resources */,
			);
			runOnlyForDeploymentPostprocessing = 0;
		};
		A97F9A842794767500A46987 /* Resources */ = {
			isa = PBXResourcesBuildPhase;
			buildActionMask = 2147483647;
			files = (
			);
			runOnlyForDeploymentPostprocessing = 0;
		};
/* End PBXResourcesBuildPhase section */

/* Begin PBXSourcesBuildPhase section */
		A97F9A752794767400A46987 /* Sources */ = {
			isa = PBXSourcesBuildPhase;
			buildActionMask = 2147483647;
			files = (
				A97F9AB627948AB800A46987 /* ApplicationConfig.swift in Sources */,
				A97F9ABD27948CE800A46987 /* PeriodicTableView.swift in Sources */,
				A97F9AB127948A7400A46987 /* Application.swift in Sources */,
				A97F9ABB27948B3300A46987 /* PeriodicTableViewModel.swift in Sources */,
				A9CBC9F62795043900878DFD /* Store.swift in Sources */,
				A9CBC9F12794FB0F00878DFD /* ElementInspector.swift in Sources */,
				A93DA6942795E1060071BFD5 /* AppDelegate.swift in Sources */,
				A9D325FD2794BFE300EB493F /* IndexedElements.swift in Sources */,
				A9CBC9EE2794F67600878DFD /* MainView.swift in Sources */,
				A93DA6972795E2410071BFD5 /* SceneDelegate.swift in Sources */,
				A9D326002794C3A700EB493F /* PeriodicTableGridView.swift in Sources */,
				A9CBC9FA27950D4400878DFD /* ElementInspectorRow.swift in Sources */,
			);
			runOnlyForDeploymentPostprocessing = 0;
		};
		A97F9A822794767500A46987 /* Sources */ = {
			isa = PBXSourcesBuildPhase;
			buildActionMask = 2147483647;
			files = (
				A97F9A8D2794767500A46987 /* Tests_iOSLaunchTests.swift in Sources */,
				A97F9A8B2794767500A46987 /* Tests_iOS.swift in Sources */,
			);
			runOnlyForDeploymentPostprocessing = 0;
		};
/* End PBXSourcesBuildPhase section */

/* Begin PBXTargetDependency section */
		A97F9A882794767500A46987 /* PBXTargetDependency */ = {
			isa = PBXTargetDependency;
			target = A97F9A782794767400A46987 /* Periodum (iOS) */;
			targetProxy = A97F9A872794767500A46987 /* PBXContainerItemProxy */;
		};
/* End PBXTargetDependency section */

/* Begin XCBuildConfiguration section */
		A97F9AA02794767500A46987 /* Debug */ = {
			isa = XCBuildConfiguration;
			buildSettings = {
				ALWAYS_SEARCH_USER_PATHS = NO;
				CLANG_ANALYZER_NONNULL = YES;
				CLANG_ANALYZER_NUMBER_OBJECT_CONVERSION = YES_AGGRESSIVE;
				CLANG_CXX_LANGUAGE_STANDARD = "gnu++17";
				CLANG_CXX_LIBRARY = "libc++";
				CLANG_ENABLE_MODULES = YES;
				CLANG_ENABLE_OBJC_ARC = YES;
				CLANG_ENABLE_OBJC_WEAK = YES;
				CLANG_WARN_BLOCK_CAPTURE_AUTORELEASING = YES;
				CLANG_WARN_BOOL_CONVERSION = YES;
				CLANG_WARN_COMMA = YES;
				CLANG_WARN_CONSTANT_CONVERSION = YES;
				CLANG_WARN_DEPRECATED_OBJC_IMPLEMENTATIONS = YES;
				CLANG_WARN_DIRECT_OBJC_ISA_USAGE = YES_ERROR;
				CLANG_WARN_DOCUMENTATION_COMMENTS = YES;
				CLANG_WARN_EMPTY_BODY = YES;
				CLANG_WARN_ENUM_CONVERSION = YES;
				CLANG_WARN_INFINITE_RECURSION = YES;
				CLANG_WARN_INT_CONVERSION = YES;
				CLANG_WARN_NON_LITERAL_NULL_CONVERSION = YES;
				CLANG_WARN_OBJC_IMPLICIT_RETAIN_SELF = YES;
				CLANG_WARN_OBJC_LITERAL_CONVERSION = YES;
				CLANG_WARN_OBJC_ROOT_CLASS = YES_ERROR;
				CLANG_WARN_QUOTED_INCLUDE_IN_FRAMEWORK_HEADER = YES;
				CLANG_WARN_RANGE_LOOP_ANALYSIS = YES;
				CLANG_WARN_STRICT_PROTOTYPES = YES;
				CLANG_WARN_SUSPICIOUS_MOVE = YES;
				CLANG_WARN_UNGUARDED_AVAILABILITY = YES_AGGRESSIVE;
				CLANG_WARN_UNREACHABLE_CODE = YES;
				CLANG_WARN__DUPLICATE_METHOD_MATCH = YES;
				COPY_PHASE_STRIP = NO;
				DEBUG_INFORMATION_FORMAT = dwarf;
				ENABLE_STRICT_OBJC_MSGSEND = YES;
				ENABLE_TESTABILITY = YES;
				GCC_C_LANGUAGE_STANDARD = gnu11;
				GCC_DYNAMIC_NO_PIC = NO;
				GCC_NO_COMMON_BLOCKS = YES;
				GCC_OPTIMIZATION_LEVEL = 0;
				GCC_PREPROCESSOR_DEFINITIONS = (
					"DEBUG=1",
					"$(inherited)",
				);
				GCC_WARN_64_TO_32_BIT_CONVERSION = YES;
				GCC_WARN_ABOUT_RETURN_TYPE = YES_ERROR;
				GCC_WARN_UNDECLARED_SELECTOR = YES;
				GCC_WARN_UNINITIALIZED_AUTOS = YES_AGGRESSIVE;
				GCC_WARN_UNUSED_FUNCTION = YES;
				GCC_WARN_UNUSED_VARIABLE = YES;
				MTL_ENABLE_DEBUG_INFO = INCLUDE_SOURCE;
				MTL_FAST_MATH = YES;
				ONLY_ACTIVE_ARCH = YES;
				SWIFT_ACTIVE_COMPILATION_CONDITIONS = DEBUG;
				SWIFT_OPTIMIZATION_LEVEL = "-Onone";
			};
			name = Debug;
		};
		A97F9AA12794767500A46987 /* Release */ = {
			isa = XCBuildConfiguration;
			buildSettings = {
				ALWAYS_SEARCH_USER_PATHS = NO;
				CLANG_ANALYZER_NONNULL = YES;
				CLANG_ANALYZER_NUMBER_OBJECT_CONVERSION = YES_AGGRESSIVE;
				CLANG_CXX_LANGUAGE_STANDARD = "gnu++17";
				CLANG_CXX_LIBRARY = "libc++";
				CLANG_ENABLE_MODULES = YES;
				CLANG_ENABLE_OBJC_ARC = YES;
				CLANG_ENABLE_OBJC_WEAK = YES;
				CLANG_WARN_BLOCK_CAPTURE_AUTORELEASING = YES;
				CLANG_WARN_BOOL_CONVERSION = YES;
				CLANG_WARN_COMMA = YES;
				CLANG_WARN_CONSTANT_CONVERSION = YES;
				CLANG_WARN_DEPRECATED_OBJC_IMPLEMENTATIONS = YES;
				CLANG_WARN_DIRECT_OBJC_ISA_USAGE = YES_ERROR;
				CLANG_WARN_DOCUMENTATION_COMMENTS = YES;
				CLANG_WARN_EMPTY_BODY = YES;
				CLANG_WARN_ENUM_CONVERSION = YES;
				CLANG_WARN_INFINITE_RECURSION = YES;
				CLANG_WARN_INT_CONVERSION = YES;
				CLANG_WARN_NON_LITERAL_NULL_CONVERSION = YES;
				CLANG_WARN_OBJC_IMPLICIT_RETAIN_SELF = YES;
				CLANG_WARN_OBJC_LITERAL_CONVERSION = YES;
				CLANG_WARN_OBJC_ROOT_CLASS = YES_ERROR;
				CLANG_WARN_QUOTED_INCLUDE_IN_FRAMEWORK_HEADER = YES;
				CLANG_WARN_RANGE_LOOP_ANALYSIS = YES;
				CLANG_WARN_STRICT_PROTOTYPES = YES;
				CLANG_WARN_SUSPICIOUS_MOVE = YES;
				CLANG_WARN_UNGUARDED_AVAILABILITY = YES_AGGRESSIVE;
				CLANG_WARN_UNREACHABLE_CODE = YES;
				CLANG_WARN__DUPLICATE_METHOD_MATCH = YES;
				COPY_PHASE_STRIP = NO;
				DEBUG_INFORMATION_FORMAT = "dwarf-with-dsym";
				ENABLE_NS_ASSERTIONS = NO;
				ENABLE_STRICT_OBJC_MSGSEND = YES;
				GCC_C_LANGUAGE_STANDARD = gnu11;
				GCC_NO_COMMON_BLOCKS = YES;
				GCC_WARN_64_TO_32_BIT_CONVERSION = YES;
				GCC_WARN_ABOUT_RETURN_TYPE = YES_ERROR;
				GCC_WARN_UNDECLARED_SELECTOR = YES;
				GCC_WARN_UNINITIALIZED_AUTOS = YES_AGGRESSIVE;
				GCC_WARN_UNUSED_FUNCTION = YES;
				GCC_WARN_UNUSED_VARIABLE = YES;
				MTL_ENABLE_DEBUG_INFO = NO;
				MTL_FAST_MATH = YES;
				SWIFT_COMPILATION_MODE = wholemodule;
				SWIFT_OPTIMIZATION_LEVEL = "-O";
			};
			name = Release;
		};
		A97F9AA32794767500A46987 /* Debug */ = {
			isa = XCBuildConfiguration;
			buildSettings = {
				ASSETCATALOG_COMPILER_APPICON_NAME = AppIcon;
				ASSETCATALOG_COMPILER_GLOBAL_ACCENT_COLOR_NAME = AccentColor;
				CODE_SIGN_ENTITLEMENTS = "Periodum (iOS).entitlements";
				CODE_SIGN_STYLE = Automatic;
				CURRENT_PROJECT_VERSION = 1;
				DEVELOPMENT_ASSET_PATHS = "";
				DEVELOPMENT_TEAM = 8STHWE4QY7;
				ENABLE_PREVIEWS = YES;
				GENERATE_INFOPLIST_FILE = YES;
				INFOPLIST_FILE = "Periodum--iOS--Info.plist";
				INFOPLIST_KEY_UIApplicationSupportsIndirectInputEvents = YES;
				INFOPLIST_KEY_UILaunchScreen_Generation = YES;
				INFOPLIST_KEY_UISupportedInterfaceOrientations_iPad = "UIInterfaceOrientationPortrait UIInterfaceOrientationPortraitUpsideDown UIInterfaceOrientationLandscapeLeft UIInterfaceOrientationLandscapeRight";
				INFOPLIST_KEY_UISupportedInterfaceOrientations_iPhone = "UIInterfaceOrientationPortrait UIInterfaceOrientationLandscapeLeft UIInterfaceOrientationLandscapeRight";
				IPHONEOS_DEPLOYMENT_TARGET = 14.0;
				LD_RUNPATH_SEARCH_PATHS = (
					"$(inherited)",
					"@executable_path/Frameworks",
				);
				MARKETING_VERSION = 1.0;
				PRODUCT_BUNDLE_IDENTIFIER = io.umurgdk.Periodum;
				PRODUCT_NAME = Periodum;
				SDKROOT = iphoneos;
				SUPPORTS_MACCATALYST = YES;
				SWIFT_EMIT_LOC_STRINGS = YES;
				SWIFT_VERSION = 5.0;
				TARGETED_DEVICE_FAMILY = "2,6";
			};
			name = Debug;
		};
		A97F9AA42794767500A46987 /* Release */ = {
			isa = XCBuildConfiguration;
			buildSettings = {
				ASSETCATALOG_COMPILER_APPICON_NAME = AppIcon;
				ASSETCATALOG_COMPILER_GLOBAL_ACCENT_COLOR_NAME = AccentColor;
				CODE_SIGN_ENTITLEMENTS = "Periodum (iOS).entitlements";
				CODE_SIGN_STYLE = Automatic;
				CURRENT_PROJECT_VERSION = 1;
				DEVELOPMENT_ASSET_PATHS = "";
				DEVELOPMENT_TEAM = 8STHWE4QY7;
				ENABLE_PREVIEWS = YES;
				GENERATE_INFOPLIST_FILE = YES;
				INFOPLIST_FILE = "Periodum--iOS--Info.plist";
				INFOPLIST_KEY_UIApplicationSupportsIndirectInputEvents = YES;
				INFOPLIST_KEY_UILaunchScreen_Generation = YES;
				INFOPLIST_KEY_UISupportedInterfaceOrientations_iPad = "UIInterfaceOrientationPortrait UIInterfaceOrientationPortraitUpsideDown UIInterfaceOrientationLandscapeLeft UIInterfaceOrientationLandscapeRight";
				INFOPLIST_KEY_UISupportedInterfaceOrientations_iPhone = "UIInterfaceOrientationPortrait UIInterfaceOrientationLandscapeLeft UIInterfaceOrientationLandscapeRight";
				IPHONEOS_DEPLOYMENT_TARGET = 14.0;
				LD_RUNPATH_SEARCH_PATHS = (
					"$(inherited)",
					"@executable_path/Frameworks",
				);
				MARKETING_VERSION = 1.0;
				PRODUCT_BUNDLE_IDENTIFIER = io.umurgdk.Periodum;
				PRODUCT_NAME = Periodum;
				SDKROOT = iphoneos;
				SUPPORTS_MACCATALYST = YES;
				SWIFT_EMIT_LOC_STRINGS = YES;
				SWIFT_VERSION = 5.0;
				TARGETED_DEVICE_FAMILY = "2,6";
				VALIDATE_PRODUCT = YES;
			};
			name = Release;
		};
		A97F9AA92794767500A46987 /* Debug */ = {
			isa = XCBuildConfiguration;
			buildSettings = {
				ALWAYS_EMBED_SWIFT_STANDARD_LIBRARIES = YES;
				CODE_SIGN_STYLE = Automatic;
				CURRENT_PROJECT_VERSION = 1;
				DEVELOPMENT_TEAM = 8STHWE4QY7;
				GENERATE_INFOPLIST_FILE = YES;
				IPHONEOS_DEPLOYMENT_TARGET = 15.2;
				MARKETING_VERSION = 1.0;
				PRODUCT_BUNDLE_IDENTIFIER = "io.umurgdk.Tests-iOS";
				PRODUCT_NAME = "$(TARGET_NAME)";
				SDKROOT = iphoneos;
				SWIFT_EMIT_LOC_STRINGS = NO;
				SWIFT_VERSION = 5.0;
				TARGETED_DEVICE_FAMILY = "1,2";
				TEST_TARGET_NAME = "Periodum (iOS)";
			};
			name = Debug;
		};
		A97F9AAA2794767500A46987 /* Release */ = {
			isa = XCBuildConfiguration;
			buildSettings = {
				ALWAYS_EMBED_SWIFT_STANDARD_LIBRARIES = YES;
				CODE_SIGN_STYLE = Automatic;
				CURRENT_PROJECT_VERSION = 1;
				DEVELOPMENT_TEAM = 8STHWE4QY7;
				GENERATE_INFOPLIST_FILE = YES;
				IPHONEOS_DEPLOYMENT_TARGET = 15.2;
				MARKETING_VERSION = 1.0;
				PRODUCT_BUNDLE_IDENTIFIER = "io.umurgdk.Tests-iOS";
				PRODUCT_NAME = "$(TARGET_NAME)";
				SDKROOT = iphoneos;
				SWIFT_EMIT_LOC_STRINGS = NO;
				SWIFT_VERSION = 5.0;
				TARGETED_DEVICE_FAMILY = "1,2";
				TEST_TARGET_NAME = "Periodum (iOS)";
				VALIDATE_PRODUCT = YES;
			};
			name = Release;
		};
/* End XCBuildConfiguration section */

/* Begin XCConfigurationList section */
		A97F9A702794767400A46987 /* Build configuration list for PBXProject "Periodum" */ = {
			isa = XCConfigurationList;
			buildConfigurations = (
				A97F9AA02794767500A46987 /* Debug */,
				A97F9AA12794767500A46987 /* Release */,
			);
			defaultConfigurationIsVisible = 0;
			defaultConfigurationName = Release;
		};
		A97F9AA22794767500A46987 /* Build configuration list for PBXNativeTarget "Periodum (iOS)" */ = {
			isa = XCConfigurationList;
			buildConfigurations = (
				A97F9AA32794767500A46987 /* Debug */,
				A97F9AA42794767500A46987 /* Release */,
			);
			defaultConfigurationIsVisible = 0;
			defaultConfigurationName = Release;
		};
		A97F9AA82794767500A46987 /* Build configuration list for PBXNativeTarget "Tests iOS" */ = {
			isa = XCConfigurationList;
			buildConfigurations = (
				A97F9AA92794767500A46987 /* Debug */,
				A97F9AAA2794767500A46987 /* Release */,
			);
			defaultConfigurationIsVisible = 0;
			defaultConfigurationName = Release;
		};
/* End XCConfigurationList section */

/* Begin XCRemoteSwiftPackageReference section */
		A9B3073A2795175300A981A4 /* XCRemoteSwiftPackageReference "SwiftUI-Introspect" */ = {
			isa = XCRemoteSwiftPackageReference;
			repositoryURL = "https://github.com/siteline/SwiftUI-Introspect.git";
			requirement = {
				kind = upToNextMajorVersion;
				minimumVersion = 0.1.3;
			};
		};
/* End XCRemoteSwiftPackageReference section */

/* Begin XCSwiftPackageProductDependency section */
		A90A310A2795FAF000E38243 /* ElementInspector */ = {
			isa = XCSwiftPackageProductDependency;
			productName = ElementInspector;
		};
		A93D106127960B8800CBA3A1 /* PlatformHelpers */ = {
			isa = XCSwiftPackageProductDependency;
			productName = PlatformHelpers;
		};
		A93DA6992795F27A0071BFD5 /* Introspect */ = {
			isa = XCSwiftPackageProductDependency;
			package = A9B3073A2795175300A981A4 /* XCRemoteSwiftPackageReference "SwiftUI-Introspect" */;
			productName = Introspect;
		};
		A97F9AB327948A8700A46987 /* PeriodumCore */ = {
			isa = XCSwiftPackageProductDependency;
			productName = PeriodumCore;
		};
/* End XCSwiftPackageProductDependency section */
	};
	rootObject = A97F9A6D2794767400A46987 /* Project object */;
}
